// !$*UTF8*$!
{
	archiveVersion = 1;
	classes = {
	};
	objectVersion = 46;
	objects = {

/* Begin PBXBuildFile section */
		F47A71661E35D22500D0FB1E /* AppDelegate.swift in Sources */ = {isa = PBXBuildFile; fileRef = F47A71651E35D22500D0FB1E /* AppDelegate.swift */; };
		F47A71681E35D22500D0FB1E /* ViewController.swift in Sources */ = {isa = PBXBuildFile; fileRef = F47A71671E35D22500D0FB1E /* ViewController.swift */; };
		F47A716B1E35D22500D0FB1E /* Main.storyboard in Resources */ = {isa = PBXBuildFile; fileRef = F47A71691E35D22500D0FB1E /* Main.storyboard */; };
		F47A716D1E35D22500D0FB1E /* Assets.xcassets in Resources */ = {isa = PBXBuildFile; fileRef = F47A716C1E35D22500D0FB1E /* Assets.xcassets */; };
		F47A71701E35D22500D0FB1E /* LaunchScreen.storyboard in Resources */ = {isa = PBXBuildFile; fileRef = F47A716E1E35D22500D0FB1E /* LaunchScreen.storyboard */; };
/* End PBXBuildFile section */

/* Begin PBXFileReference section */
		F47A71621E35D22500D0FB1E /* solitaire_20170123.app */ = {isa = PBXFileReference; explicitFileType = wrapper.application; includeInIndex = 0; path = solitaire_20170123.app; sourceTree = BUILT_PRODUCTS_DIR; };
		F47A71651E35D22500D0FB1E /* AppDelegate.swift */ = {isa = PBXFileReference; lastKnownFileType = sourcecode.swift; path = AppDelegate.swift; sourceTree = "<group>"; };
		F47A71671E35D22500D0FB1E /* ViewController.swift */ = {isa = PBXFileReference; lastKnownFileType = sourcecode.swift; path = ViewController.swift; sourceTree = "<group>"; };
		F47A716A1E35D22500D0FB1E /* Base */ = {isa = PBXFileReference; lastKnownFileType = file.storyboard; name = Base; path = Base.lproj/Main.storyboard; sourceTree = "<group>"; };
		F47A716C1E35D22500D0FB1E /* Assets.xcassets */ = {isa = PBXFileReference; lastKnownFileType = folder.assetcatalog; path = Assets.xcassets; sourceTree = "<group>"; };
		F47A716F1E35D22500D0FB1E /* Base */ = {isa = PBXFileReference; lastKnownFileType = file.storyboard; name = Base; path = Base.lproj/LaunchScreen.storyboard; sourceTree = "<group>"; };
		F47A71711E35D22500D0FB1E /* Info.plist */ = {isa = PBXFileReference; lastKnownFileType = text.plist.xml; path = Info.plist; sourceTree = "<group>"; };
/* End PBXFileReference section */

/* Begin PBXFrameworksBuildPhase section */
		F47A715F1E35D22500D0FB1E /* Frameworks */ = {
			isa = PBXFrameworksBuildPhase;
			buildActionMask = 2147483647;
			files = (
			);
			runOnlyForDeploymentPostprocessing = 0;
		};
/* End PBXFrameworksBuildPhase section */

/* Begin PBXGroup section */
		F47A71591E35D22500D0FB1E = {
			isa = PBXGroup;
			children = (
				F47A71641E35D22500D0FB1E /* solitaire_20170123 */,
				F47A71631E35D22500D0FB1E /* Products */,
			);
			sourceTree = "<group>";
		};
		F47A71631E35D22500D0FB1E /* Products */ = {
			isa = PBXGroup;
			children = (
				F47A71621E35D22500D0FB1E /* solitaire_20170123.app */,
			);
			name = Products;
			sourceTree = "<group>";
		};
		F47A71641E35D22500D0FB1E /* solitaire_20170123 */ = {
			isa = PBXGroup;
			children = (
				F47A71651E35D22500D0FB1E /* AppDelegate.swift */,
				F47A71671E35D22500D0FB1E /* ViewController.swift */,
				F47A71691E35D22500D0FB1E /* Main.storyboard */,
				F47A716C1E35D22500D0FB1E /* Assets.xcassets */,
				F47A716E1E35D22500D0FB1E /* LaunchScreen.storyboard */,
				F47A71711E35D22500D0FB1E /* Info.plist */,
			);
			path = solitaire_20170123;
			sourceTree = "<group>";
		};
/* End PBXGroup section */

/* Begin PBXNativeTarget section */
		F47A71611E35D22500D0FB1E /* solitaire_20170123 */ = {
			isa = PBXNativeTarget;
			buildConfigurationList = F47A71741E35D22500D0FB1E /* Build configuration list for PBXNativeTarget "solitaire_20170123" */;
			buildPhases = (
				F47A715E1E35D22500D0FB1E /* Sources */,
				F47A715F1E35D22500D0FB1E /* Frameworks */,
				F47A71601E35D22500D0FB1E /* Resources */,
			);
			buildRules = (
			);
			dependencies = (
			);
			name = solitaire_20170123;
			productName = solitaire_20170123;
			productReference = F47A71621E35D22500D0FB1E /* solitaire_20170123.app */;
			productType = "com.apple.product-type.application";
		};
/* End PBXNativeTarget section */

/* Begin PBXProject section */
		F47A715A1E35D22500D0FB1E /* Project object */ = {
			isa = PBXProject;
			attributes = {
				LastSwiftUpdateCheck = 0820;
				LastUpgradeCheck = 0820;
				ORGANIZATIONNAME = jjaygim;
				TargetAttributes = {
					F47A71611E35D22500D0FB1E = {
						CreatedOnToolsVersion = 8.2.1;
						ProvisioningStyle = Automatic;
					};
				};
			};
			buildConfigurationList = F47A715D1E35D22500D0FB1E /* Build configuration list for PBXProject "solitaire_20170123" */;
			compatibilityVersion = "Xcode 3.2";
			developmentRegion = English;
			hasScannedForEncodings = 0;
			knownRegions = (
				en,
				Base,
			);
			mainGroup = F47A71591E35D22500D0FB1E;
			productRefGroup = F47A71631E35D22500D0FB1E /* Products */;
			projectDirPath = "";
			projectRoot = "";
			targets = (
				F47A71611E35D22500D0FB1E /* solitaire_20170123 */,
			);
		};
/* End PBXProject section */

/* Begin PBXResourcesBuildPhase section */
		F47A71601E35D22500D0FB1E /* Resources */ = {
			isa = PBXResourcesBuildPhase;
			buildActionMask = 2147483647;
			files = (
				F47A71701E35D22500D0FB1E /* LaunchScreen.storyboard in Resources */,
				F47A716D1E35D22500D0FB1E /* Assets.xcassets in Resources */,
				F47A716B1E35D22500D0FB1E /* Main.storyboard in Resources */,
			);
			runOnlyForDeploymentPostprocessing = 0;
		};
/* End PBXResourcesBuildPhase section */

/* Begin PBXSourcesBuildPhase section */
		F47A715E1E35D22500D0FB1E /* Sources */ = {
			isa = PBXSourcesBuildPhase;
			buildActionMask = 2147483647;
			files = (
				F47A71681E35D22500D0FB1E /* ViewController.swift in Sources */,
				F47A71661E35D22500D0FB1E /* AppDelegate.swift in Sources */,
			);
			runOnlyForDeploymentPostprocessing = 0;
		};
/* End PBXSourcesBuildPhase section */

/* Begin PBXVariantGroup section */
		F47A71691E35D22500D0FB1E /* Main.storyboard */ = {
			isa = PBXVariantGroup;
			children = (
				F47A716A1E35D22500D0FB1E /* Base */,
			);
			name = Main.storyboard;
			sourceTree = "<group>";
		};
		F47A716E1E35D22500D0FB1E /* LaunchScreen.storyboard */ = {
			isa = PBXVariantGroup;
			children = (
				F47A716F1E35D22500D0FB1E /* Base */,
			);
			name = LaunchScreen.storyboard;
			sourceTree = "<group>";
		};
/* End PBXVariantGroup section */

/* Begin XCBuildConfiguration section */
		F47A71721E35D22500D0FB1E /* Debug */ = {
			isa = XCBuildConfiguration;
			buildSettings = {
				ALWAYS_SEARCH_USER_PATHS = NO;
				CLANG_ANALYZER_NONNULL = YES;
				CLANG_CXX_LANGUAGE_STANDARD = "gnu++0x";
				CLANG_CXX_LIBRARY = "libc++";
				CLANG_ENABLE_MODULES = YES;
				CLANG_ENABLE_OBJC_ARC = YES;
				CLANG_WARN_BOOL_CONVERSION = YES;
				CLANG_WARN_CONSTANT_CONVERSION = YES;
				CLANG_WARN_DIRECT_OBJC_ISA_USAGE = YES_ERROR;
				CLANG_WARN_DOCUMENTATION_COMMENTS = YES;
				CLANG_WARN_EMPTY_BODY = YES;
				CLANG_WARN_ENUM_CONVERSION = YES;
				CLANG_WARN_INFINITE_RECURSION = YES;
				CLANG_WARN_INT_CONVERSION = YES;
				CLANG_WARN_OBJC_ROOT_CLASS = YES_ERROR;
				CLANG_WARN_SUSPICIOUS_MOVE = YES;
				CLANG_WARN_UNREACHABLE_CODE = YES;
				CLANG_WARN__DUPLICATE_METHOD_MATCH = YES;
				"CODE_SIGN_IDENTITY[sdk=iphoneos*]" = "iPhone Developer";
				COPY_PHASE_STRIP = NO;
				DEBUG_INFORMATION_FORMAT = dwarf;
				ENABLE_STRICT_OBJC_MSGSEND = YES;
				ENABLE_TESTABILITY = YES;
				GCC_C_LANGUAGE_STANDARD = gnu99;
				GCC_DYNAMIC_NO_PIC = NO;
				GCC_NO_COMMON_BLOCKS = YES;
				GCC_OPTIMIZATION_LEVEL = 0;
				GCC_PREPROCESSOR_DEFINITIONS = (
					"DEBUG=1",
					"$(inherited)",
				);
				GCC_WARN_64_TO_32_BIT_CONVERSION = YES;
				GCC_WARN_ABOUT_RETURN_TYPE = YES_ERROR;
				GCC_WARN_UNDECLARED_SELECTOR = YES;
				GCC_WARN_UNINITIALIZED_AUTOS = YES_AGGRESSIVE;
				GCC_WARN_UNUSED_FUNCTION = YES;
				GCC_WARN_UNUSED_VARIABLE = YES;
				IPHONEOS_DEPLOYMENT_TARGET = 10.2;
				MTL_ENABLE_DEBUG_INFO = YES;
				ONLY_ACTIVE_ARCH = YES;
				SDKROOT = iphoneos;
				SWIFT_ACTIVE_COMPILATION_CONDITIONS = DEBUG;
				SWIFT_OPTIMIZATION_LEVEL = "-Onone";
				TARGETED_DEVICE_FAMILY = 2;
			};
			name = Debug;
		};
		F47A71731E35D22500D0FB1E /* Release */ = {
			isa = XCBuildConfiguration;
			buildSettings = {
				ALWAYS_SEARCH_USER_PATHS = NO;
				CLANG_ANALYZER_NONNULL = YES;
				CLANG_CXX_LANGUAGE_STANDARD = "gnu++0x";
				CLANG_CXX_LIBRARY = "libc++";
				CLANG_ENABLE_MODULES = YES;
				CLANG_ENABLE_OBJC_ARC = YES;
				CLANG_WARN_BOOL_CONVERSION = YES;
				CLANG_WARN_CONSTANT_CONVERSION = YES;
				CLANG_WARN_DIRECT_OBJC_ISA_USAGE = YES_ERROR;
				CLANG_WARN_DOCUMENTATION_COMMENTS = YES;
				CLANG_WARN_EMPTY_BODY = YES;
				CLANG_WARN_ENUM_CONVERSION = YES;
				CLANG_WARN_INFINITE_RECURSION = YES;
				CLANG_WARN_INT_CONVERSION = YES;
				CLANG_WARN_OBJC_ROOT_CLASS = YES_ERROR;
				CLANG_WARN_SUSPICIOUS_MOVE = YES;
				CLANG_WARN_UNREACHABLE_CODE = YES;
				CLANG_WARN__DUPLICATE_METHOD_MATCH = YES;
				"CODE_SIGN_IDENTITY[sdk=iphoneos*]" = "iPhone Developer";
				COPY_PHASE_STRIP = NO;
				DEBUG_INFORMATION_FORMAT = "dwarf-with-dsym";
				ENABLE_NS_ASSERTIONS = NO;
				ENABLE_STRICT_OBJC_MSGSEND = YES;
				GCC_C_LANGUAGE_STANDARD = gnu99;
				GCC_NO_COMMON_BLOCKS = YES;
				GCC_WARN_64_TO_32_BIT_CONVERSION = YES;
				GCC_WARN_ABOUT_RETURN_TYPE = YES_ERROR;
				GCC_WARN_UNDECLARED_SELECTOR = YES;
				GCC_WARN_UNINITIALIZED_AUTOS = YES_AGGRESSIVE;
				GCC_WARN_UNUSED_FUNCTION = YES;
				GCC_WARN_UNUSED_VARIABLE = YES;
				IPHONEOS_DEPLOYMENT_TARGET = 10.2;
				MTL_ENABLE_DEBUG_INFO = NO;
				SDKROOT = iphoneos;
				SWIFT_OPTIMIZATION_LEVEL = "-Owholemodule";
				TARGETED_DEVICE_FAMILY = 2;
				VALIDATE_PRODUCT = YES;
			};
			name = Release;
		};
		F47A71751E35D22500D0FB1E /* Debug */ = {
			isa = XCBuildConfiguration;
			buildSettings = {
				ASSETCATALOG_COMPILER_APPICON_NAME = AppIcon;
				INFOPLIST_FILE = solitaire_20170123/Info.plist;
				LD_RUNPATH_SEARCH_PATHS = "$(inherited) @executable_path/Frameworks";
				PRODUCT_BUNDLE_IDENTIFIER = "com.solitaire-20170123";
				PRODUCT_NAME = "$(TARGET_NAME)";
				SWIFT_VERSION = 3.0;
			};
			name = Debug;
		};
		F47A71761E35D22500D0FB1E /* Release */ = {
			isa = XCBuildConfiguration;
			buildSettings = {
				ASSETCATALOG_COMPILER_APPICON_NAME = AppIcon;
				INFOPLIST_FILE = solitaire_20170123/Info.plist;
				LD_RUNPATH_SEARCH_PATHS = "$(inherited) @executable_path/Frameworks";
				PRODUCT_BUNDLE_IDENTIFIER = "com.solitaire-20170123";
				PRODUCT_NAME = "$(TARGET_NAME)";
				SWIFT_VERSION = 3.0;
			};
			name = Release;
		};
/* End XCBuildConfiguration section */

/* Begin XCConfigurationList section */
		F47A715D1E35D22500D0FB1E /* Build configuration list for PBXProject "solitaire_20170123" */ = {
			isa = XCConfigurationList;
			buildConfigurations = (
				F47A71721E35D22500D0FB1E /* Debug */,
				F47A71731E35D22500D0FB1E /* Release */,
			);
			defaultConfigurationIsVisible = 0;
			defaultConfigurationName = Release;
		};
		F47A71741E35D22500D0FB1E /* Build configuration list for PBXNativeTarget "solitaire_20170123" */ = {
			isa = XCConfigurationList;
			buildConfigurations = (
				F47A71751E35D22500D0FB1E /* Debug */,
				F47A71761E35D22500D0FB1E /* Release */,
			);
			defaultConfigurationIsVisible = 0;
		};
/* End XCConfigurationList section */
	};
	rootObject = F47A715A1E35D22500D0FB1E /* Project object */;
}
