// !$*UTF8*$!
{
	archiveVersion = 1;
	classes = {
	};
	objectVersion = 46;
	objects = {

/* Begin PBXBuildFile section */
		F4A32BB31E25E1A200B3F3DA /* AppDelegate.swift in Sources */ = {isa = PBXBuildFile; fileRef = F4A32BB21E25E1A200B3F3DA /* AppDelegate.swift */; };
		F4A32BB51E25E1A200B3F3DA /* ViewController.swift in Sources */ = {isa = PBXBuildFile; fileRef = F4A32BB41E25E1A200B3F3DA /* ViewController.swift */; };
		F4A32BB81E25E1A200B3F3DA /* Main.storyboard in Resources */ = {isa = PBXBuildFile; fileRef = F4A32BB61E25E1A200B3F3DA /* Main.storyboard */; };
		F4A32BBA1E25E1A200B3F3DA /* Assets.xcassets in Resources */ = {isa = PBXBuildFile; fileRef = F4A32BB91E25E1A200B3F3DA /* Assets.xcassets */; };
		F4A32BBD1E25E1A200B3F3DA /* LaunchScreen.storyboard in Resources */ = {isa = PBXBuildFile; fileRef = F4A32BBB1E25E1A200B3F3DA /* LaunchScreen.storyboard */; };
		F4A32BC61E26122000B3F3DA /* candleOff.jpg in Resources */ = {isa = PBXBuildFile; fileRef = F4A32BC41E26122000B3F3DA /* candleOff.jpg */; };
		F4A32BC71E26122000B3F3DA /* candleOn.jpg in Resources */ = {isa = PBXBuildFile; fileRef = F4A32BC51E26122000B3F3DA /* candleOn.jpg */; };
/* End PBXBuildFile section */

/* Begin PBXFileReference section */
		F4A32BAF1E25E1A200B3F3DA /* d07_MyCandle.app */ = {isa = PBXFileReference; explicitFileType = wrapper.application; includeInIndex = 0; path = d07_MyCandle.app; sourceTree = BUILT_PRODUCTS_DIR; };
		F4A32BB21E25E1A200B3F3DA /* AppDelegate.swift */ = {isa = PBXFileReference; lastKnownFileType = sourcecode.swift; path = AppDelegate.swift; sourceTree = "<group>"; };
		F4A32BB41E25E1A200B3F3DA /* ViewController.swift */ = {isa = PBXFileReference; lastKnownFileType = sourcecode.swift; path = ViewController.swift; sourceTree = "<group>"; };
		F4A32BB71E25E1A200B3F3DA /* Base */ = {isa = PBXFileReference; lastKnownFileType = file.storyboard; name = Base; path = Base.lproj/Main.storyboard; sourceTree = "<group>"; };
		F4A32BB91E25E1A200B3F3DA /* Assets.xcassets */ = {isa = PBXFileReference; lastKnownFileType = folder.assetcatalog; path = Assets.xcassets; sourceTree = "<group>"; };
		F4A32BBC1E25E1A200B3F3DA /* Base */ = {isa = PBXFileReference; lastKnownFileType = file.storyboard; name = Base; path = Base.lproj/LaunchScreen.storyboard; sourceTree = "<group>"; };
		F4A32BBE1E25E1A200B3F3DA /* Info.plist */ = {isa = PBXFileReference; lastKnownFileType = text.plist.xml; path = Info.plist; sourceTree = "<group>"; };
		F4A32BC41E26122000B3F3DA /* candleOff.jpg */ = {isa = PBXFileReference; lastKnownFileType = image.jpeg; path = candleOff.jpg; sourceTree = "<group>"; };
		F4A32BC51E26122000B3F3DA /* candleOn.jpg */ = {isa = PBXFileReference; lastKnownFileType = image.jpeg; path = candleOn.jpg; sourceTree = "<group>"; };
/* End PBXFileReference section */

/* Begin PBXFrameworksBuildPhase section */
		F4A32BAC1E25E1A200B3F3DA /* Frameworks */ = {
			isa = PBXFrameworksBuildPhase;
			buildActionMask = 2147483647;
			files = (
			);
			runOnlyForDeploymentPostprocessing = 0;
		};
/* End PBXFrameworksBuildPhase section */

/* Begin PBXGroup section */
		F4A32BA61E25E1A100B3F3DA = {
			isa = PBXGroup;
			children = (
				F4A32BB11E25E1A200B3F3DA /* d07_MyCandle */,
				F4A32BB01E25E1A200B3F3DA /* Products */,
			);
			sourceTree = "<group>";
		};
		F4A32BB01E25E1A200B3F3DA /* Products */ = {
			isa = PBXGroup;
			children = (
				F4A32BAF1E25E1A200B3F3DA /* d07_MyCandle.app */,
			);
			name = Products;
			sourceTree = "<group>";
		};
		F4A32BB11E25E1A200B3F3DA /* d07_MyCandle */ = {
			isa = PBXGroup;
			children = (
				F4A32BC41E26122000B3F3DA /* candleOff.jpg */,
				F4A32BC51E26122000B3F3DA /* candleOn.jpg */,
				F4A32BB21E25E1A200B3F3DA /* AppDelegate.swift */,
				F4A32BBB1E25E1A200B3F3DA /* LaunchScreen.storyboard */,
				F4A32BB41E25E1A200B3F3DA /* ViewController.swift */,
				F4A32BB61E25E1A200B3F3DA /* Main.storyboard */,
				F4A32BB91E25E1A200B3F3DA /* Assets.xcassets */,
				F4A32BBE1E25E1A200B3F3DA /* Info.plist */,
			);
			path = d07_MyCandle;
			sourceTree = "<group>";
		};
/* End PBXGroup section */

/* Begin PBXNativeTarget section */
		F4A32BAE1E25E1A200B3F3DA /* d07_MyCandle */ = {
			isa = PBXNativeTarget;
			buildConfigurationList = F4A32BC11E25E1A200B3F3DA /* Build configuration list for PBXNativeTarget "d07_MyCandle" */;
			buildPhases = (
				F4A32BAB1E25E1A200B3F3DA /* Sources */,
				F4A32BAC1E25E1A200B3F3DA /* Frameworks */,
				F4A32BAD1E25E1A200B3F3DA /* Resources */,
			);
			buildRules = (
			);
			dependencies = (
			);
			name = d07_MyCandle;
			productName = d07_MyCandle;
			productReference = F4A32BAF1E25E1A200B3F3DA /* d07_MyCandle.app */;
			productType = "com.apple.product-type.application";
		};
/* End PBXNativeTarget section */

/* Begin PBXProject section */
		F4A32BA71E25E1A100B3F3DA /* Project object */ = {
			isa = PBXProject;
			attributes = {
				LastSwiftUpdateCheck = 0820;
				LastUpgradeCheck = 0820;
				ORGANIZATIONNAME = jjaygim;
				TargetAttributes = {
					F4A32BAE1E25E1A200B3F3DA = {
						CreatedOnToolsVersion = 8.2.1;
						ProvisioningStyle = Automatic;
					};
				};
			};
			buildConfigurationList = F4A32BAA1E25E1A100B3F3DA /* Build configuration list for PBXProject "d07_MyCandle" */;
			compatibilityVersion = "Xcode 3.2";
			developmentRegion = English;
			hasScannedForEncodings = 0;
			knownRegions = (
				en,
				Base,
			);
			mainGroup = F4A32BA61E25E1A100B3F3DA;
			productRefGroup = F4A32BB01E25E1A200B3F3DA /* Products */;
			projectDirPath = "";
			projectRoot = "";
			targets = (
				F4A32BAE1E25E1A200B3F3DA /* d07_MyCandle */,
			);
		};
/* End PBXProject section */

/* Begin PBXResourcesBuildPhase section */
		F4A32BAD1E25E1A200B3F3DA /* Resources */ = {
			isa = PBXResourcesBuildPhase;
			buildActionMask = 2147483647;
			files = (
				F4A32BBD1E25E1A200B3F3DA /* LaunchScreen.storyboard in Resources */,
				F4A32BBA1E25E1A200B3F3DA /* Assets.xcassets in Resources */,
				F4A32BC61E26122000B3F3DA /* candleOff.jpg in Resources */,
				F4A32BB81E25E1A200B3F3DA /* Main.storyboard in Resources */,
				F4A32BC71E26122000B3F3DA /* candleOn.jpg in Resources */,
			);
			runOnlyForDeploymentPostprocessing = 0;
		};
/* End PBXResourcesBuildPhase section */

/* Begin PBXSourcesBuildPhase section */
		F4A32BAB1E25E1A200B3F3DA /* Sources */ = {
			isa = PBXSourcesBuildPhase;
			buildActionMask = 2147483647;
			files = (
				F4A32BB51E25E1A200B3F3DA /* ViewController.swift in Sources */,
				F4A32BB31E25E1A200B3F3DA /* AppDelegate.swift in Sources */,
			);
			runOnlyForDeploymentPostprocessing = 0;
		};
/* End PBXSourcesBuildPhase section */

/* Begin PBXVariantGroup section */
		F4A32BB61E25E1A200B3F3DA /* Main.storyboard */ = {
			isa = PBXVariantGroup;
			children = (
				F4A32BB71E25E1A200B3F3DA /* Base */,
			);
			name = Main.storyboard;
			sourceTree = "<group>";
		};
		F4A32BBB1E25E1A200B3F3DA /* LaunchScreen.storyboard */ = {
			isa = PBXVariantGroup;
			children = (
				F4A32BBC1E25E1A200B3F3DA /* Base */,
			);
			name = LaunchScreen.storyboard;
			sourceTree = "<group>";
		};
/* End PBXVariantGroup section */

/* Begin XCBuildConfiguration section */
		F4A32BBF1E25E1A200B3F3DA /* Debug */ = {
			isa = XCBuildConfiguration;
			buildSettings = {
				ALWAYS_SEARCH_USER_PATHS = NO;
				CLANG_ANALYZER_NONNULL = YES;
				CLANG_CXX_LANGUAGE_STANDARD = "gnu++0x";
				CLANG_CXX_LIBRARY = "libc++";
				CLANG_ENABLE_MODULES = YES;
				CLANG_ENABLE_OBJC_ARC = YES;
				CLANG_WARN_BOOL_CONVERSION = YES;
				CLANG_WARN_CONSTANT_CONVERSION = YES;
				CLANG_WARN_DIRECT_OBJC_ISA_USAGE = YES_ERROR;
				CLANG_WARN_DOCUMENTATION_COMMENTS = YES;
				CLANG_WARN_EMPTY_BODY = YES;
				CLANG_WARN_ENUM_CONVERSION = YES;
				CLANG_WARN_INFINITE_RECURSION = YES;
				CLANG_WARN_INT_CONVERSION = YES;
				CLANG_WARN_OBJC_ROOT_CLASS = YES_ERROR;
				CLANG_WARN_SUSPICIOUS_MOVE = YES;
				CLANG_WARN_UNREACHABLE_CODE = YES;
				CLANG_WARN__DUPLICATE_METHOD_MATCH = YES;
				"CODE_SIGN_IDENTITY[sdk=iphoneos*]" = "iPhone Developer";
				COPY_PHASE_STRIP = NO;
				DEBUG_INFORMATION_FORMAT = dwarf;
				ENABLE_STRICT_OBJC_MSGSEND = YES;
				ENABLE_TESTABILITY = YES;
				GCC_C_LANGUAGE_STANDARD = gnu99;
				GCC_DYNAMIC_NO_PIC = NO;
				GCC_NO_COMMON_BLOCKS = YES;
				GCC_OPTIMIZATION_LEVEL = 0;
				GCC_PREPROCESSOR_DEFINITIONS = (
					"DEBUG=1",
					"$(inherited)",
				);
				GCC_WARN_64_TO_32_BIT_CONVERSION = YES;
				GCC_WARN_ABOUT_RETURN_TYPE = YES_ERROR;
				GCC_WARN_UNDECLARED_SELECTOR = YES;
				GCC_WARN_UNINITIALIZED_AUTOS = YES_AGGRESSIVE;
				GCC_WARN_UNUSED_FUNCTION = YES;
				GCC_WARN_UNUSED_VARIABLE = YES;
				IPHONEOS_DEPLOYMENT_TARGET = 10.2;
				MTL_ENABLE_DEBUG_INFO = YES;
				ONLY_ACTIVE_ARCH = YES;
				SDKROOT = iphoneos;
				SWIFT_ACTIVE_COMPILATION_CONDITIONS = DEBUG;
				SWIFT_OPTIMIZATION_LEVEL = "-Onone";
				TARGETED_DEVICE_FAMILY = "1,2";
			};
			name = Debug;
		};
		F4A32BC01E25E1A200B3F3DA /* Release */ = {
			isa = XCBuildConfiguration;
			buildSettings = {
				ALWAYS_SEARCH_USER_PATHS = NO;
				CLANG_ANALYZER_NONNULL = YES;
				CLANG_CXX_LANGUAGE_STANDARD = "gnu++0x";
				CLANG_CXX_LIBRARY = "libc++";
				CLANG_ENABLE_MODULES = YES;
				CLANG_ENABLE_OBJC_ARC = YES;
				CLANG_WARN_BOOL_CONVERSION = YES;
				CLANG_WARN_CONSTANT_CONVERSION = YES;
				CLANG_WARN_DIRECT_OBJC_ISA_USAGE = YES_ERROR;
				CLANG_WARN_DOCUMENTATION_COMMENTS = YES;
				CLANG_WARN_EMPTY_BODY = YES;
				CLANG_WARN_ENUM_CONVERSION = YES;
				CLANG_WARN_INFINITE_RECURSION = YES;
				CLANG_WARN_INT_CONVERSION = YES;
				CLANG_WARN_OBJC_ROOT_CLASS = YES_ERROR;
				CLANG_WARN_SUSPICIOUS_MOVE = YES;
				CLANG_WARN_UNREACHABLE_CODE = YES;
				CLANG_WARN__DUPLICATE_METHOD_MATCH = YES;
				"CODE_SIGN_IDENTITY[sdk=iphoneos*]" = "iPhone Developer";
				COPY_PHASE_STRIP = NO;
				DEBUG_INFORMATION_FORMAT = "dwarf-with-dsym";
				ENABLE_NS_ASSERTIONS = NO;
				ENABLE_STRICT_OBJC_MSGSEND = YES;
				GCC_C_LANGUAGE_STANDARD = gnu99;
				GCC_NO_COMMON_BLOCKS = YES;
				GCC_WARN_64_TO_32_BIT_CONVERSION = YES;
				GCC_WARN_ABOUT_RETURN_TYPE = YES_ERROR;
				GCC_WARN_UNDECLARED_SELECTOR = YES;
				GCC_WARN_UNINITIALIZED_AUTOS = YES_AGGRESSIVE;
				GCC_WARN_UNUSED_FUNCTION = YES;
				GCC_WARN_UNUSED_VARIABLE = YES;
				IPHONEOS_DEPLOYMENT_TARGET = 10.2;
				MTL_ENABLE_DEBUG_INFO = NO;
				SDKROOT = iphoneos;
				SWIFT_OPTIMIZATION_LEVEL = "-Owholemodule";
				TARGETED_DEVICE_FAMILY = "1,2";
				VALIDATE_PRODUCT = YES;
			};
			name = Release;
		};
		F4A32BC21E25E1A200B3F3DA /* Debug */ = {
			isa = XCBuildConfiguration;
			buildSettings = {
				ASSETCATALOG_COMPILER_APPICON_NAME = AppIcon;
				INFOPLIST_FILE = d07_MyCandle/Info.plist;
				LD_RUNPATH_SEARCH_PATHS = "$(inherited) @executable_path/Frameworks";
				PRODUCT_BUNDLE_IDENTIFIER = "com.d07-MyCandle";
				PRODUCT_NAME = "$(TARGET_NAME)";
				SWIFT_VERSION = 3.0;
			};
			name = Debug;
		};
		F4A32BC31E25E1A200B3F3DA /* Release */ = {
			isa = XCBuildConfiguration;
			buildSettings = {
				ASSETCATALOG_COMPILER_APPICON_NAME = AppIcon;
				INFOPLIST_FILE = d07_MyCandle/Info.plist;
				LD_RUNPATH_SEARCH_PATHS = "$(inherited) @executable_path/Frameworks";
				PRODUCT_BUNDLE_IDENTIFIER = "com.d07-MyCandle";
				PRODUCT_NAME = "$(TARGET_NAME)";
				SWIFT_VERSION = 3.0;
			};
			name = Release;
		};
/* End XCBuildConfiguration section */

/* Begin XCConfigurationList section */
		F4A32BAA1E25E1A100B3F3DA /* Build configuration list for PBXProject "d07_MyCandle" */ = {
			isa = XCConfigurationList;
			buildConfigurations = (
				F4A32BBF1E25E1A200B3F3DA /* Debug */,
				F4A32BC01E25E1A200B3F3DA /* Release */,
			);
			defaultConfigurationIsVisible = 0;
			defaultConfigurationName = Release;
		};
		F4A32BC11E25E1A200B3F3DA /* Build configuration list for PBXNativeTarget "d07_MyCandle" */ = {
			isa = XCConfigurationList;
			buildConfigurations = (
				F4A32BC21E25E1A200B3F3DA /* Debug */,
				F4A32BC31E25E1A200B3F3DA /* Release */,
			);
			defaultConfigurationIsVisible = 0;
		};
/* End XCConfigurationList section */
	};
	rootObject = F4A32BA71E25E1A100B3F3DA /* Project object */;
}
